<?xml version="1.0" encoding="utf-8"?>
<Project ToolsVersion="4.0" xmlns="http://schemas.microsoft.com/developer/msbuild/2003">
  <ItemGroup>
    <Filter Include="Source Files">
      <UniqueIdentifier>{4FC737F1-C7A5-4376-A066-2A32D752A2FF}</UniqueIdentifier>
      <Extensions>cpp;c;cc;cxx;def;odl;idl;hpj;bat;asm;asmx</Extensions>
    </Filter>
    <Filter Include="Header Files">
      <UniqueIdentifier>{93995380-89BD-4b04-88EB-625FBE52EBFB}</UniqueIdentifier>
      <Extensions>h;hh;hpp;hxx;hm;inl;inc;xsd</Extensions>
    </Filter>
    <Filter Include="Resource Files">
      <UniqueIdentifier>{67DA6AB6-F800-4c08-8B7A-83BB121AAD01}</UniqueIdentifier>
      <Extensions>rc;ico;cur;bmp;dlg;rc2;rct;bin;rgs;gif;jpg;jpeg;jpe;resx;tiff;tif;png;wav;mfcribbon-ms</Extensions>
    </Filter>
  </ItemGroup>
  <ItemGroup>
    <ClInclude Include="Tdf.h">
      <Filter>Header Files</Filter>
    </ClInclude>
    <ClInclude Include="TdfInteger.h">
      <Filter>Header Files</Filter>
    </ClInclude>
    <ClInclude Include="TdfString.h">
      <Filter>Header Files</Filter>
    </ClInclude>
    <ClInclude Include="TdfStruct.h">
      <Filter>Header Files</Filter>
    </ClInclude>
    <ClInclude Include="TdfList.h">
      <Filter>Header Files</Filter>
    </ClInclude>
    <ClInclude Include="TdfDoubleList.h">
      <Filter>Header Files</Filter>
    </ClInclude>
    <ClInclude Include="TdfIntegerList.h">
      <Filter>Header Files</Filter>
    </ClInclude>
    <ClInclude Include="TdfVector3D.h">
      <Filter>Header Files</Filter>
    </ClInclude>
    <ClInclude Include="TdfVector2D.h">
      <Filter>Header Files</Filter>
    </ClInclude>
    <ClInclude Include="BlazeInStream.hpp">
      <Filter>Header Files</Filter>
    </ClInclude>
  </ItemGroup>
  <ItemGroup>
    <ClCompile Include="Tdf.cpp">
      <Filter>Source Files</Filter>
    </ClCompile>
    <ClCompile Include="TdfInteger.cpp">
      <Filter>Source Files</Filter>
    </ClCompile>
    <ClCompile Include="TdfString.cpp">
      <Filter>Source Files</Filter>
    </ClCompile>
    <ClCompile Include="TdfStruct.cpp">
      <Filter>Source Files</Filter>
    </ClCompile>
    <ClCompile Include="TdfList.cpp">
      <Filter>Source Files</Filter>
    </ClCompile>
    <ClCompile Include="TdfDoubleList.cpp">
      <Filter>Source Files</Filter>
    </ClCompile>
    <ClCompile Include="TdfIntegerList.cpp">
      <Filter>Source Files</Filter>
    </ClCompile>
    <ClCompile Include="TdfVector3D.cpp">
      <Filter>Source Files</Filter>
    </ClCompile>
    <ClCompile Include="TdfVector2D.cpp">
      <Filter>Source Files</Filter>
    </ClCompile>
  </ItemGroup>
</Project>